<Solution>
  <Folder Name="/Solution Items/">
    <File Path=".github/workflows/release.yml" />
    <File Path=".gitignore" />
    <File Path="data/MAPDAT3.db" />
    <File Path="LICENSE.txt" />
    <File Path="README.md" />
  </Folder>
  <Project Path="src/DoomMapGuessr.CommonServices/DoomMapGuessr.CommonServices.csproj" Id="d05c366a-03a6-477f-9ba2-deaafffecdda" />
  <Project Path="src/DoomMapGuessr/DoomMapGuessr.csproj" />
</Solution>
